al.essio.dev/pkg/shellescape v1.6.0 h1:NxFcEqzFSEVCGN2yq7Huv/9hyCEGVa/TncnOOBBeXHA=
al.essio.dev/pkg/shellescape v1.6.0/go.mod h1:6sIqp7X2P6mThCQ7twERpZTuigpr6KbZWtls1U8I890=
github.com/danieljoos/wincred v1.2.3 h1:v7dZC2x32Ut3nEfRH+vhoZGvN72+dQ/snVXo/vMFLdQ=
github.com/danieljoos/wincred v1.2.3/go.mod h1:6qqX0WNrS4RzPZ1tnroDzq9kY3fu1KwE7MRLQK4X0bs=
github.com/davecgh/go-spew v1.1.1 h1:vj9j/u1bqnvCEfJOwUhtlOARqs3+rkHYY13jYWTU97c=
github.com/davecgh/go-spew v1.1.1/go.mod h1:J7Y8YcW2NihsgmVo/mv3lAwl/skON4iLHjSsI+c5H38=
github.com/godbus/dbus/v5 v5.2.2 h1:TUR3TgtSVDmjiXOgAAyaZbYmIeP3DPkld3jgKGV8mXQ=
github.com/godbus/dbus/v5 v5.2.2/go.mod h1:3AAv2+hPq5rdnr5txxxRwiGjPXamgoIHgz9FPBfOp3c=
github.com/google/shlex v0.0.0-20191202100458-e7afc7fbc510 h1:El6M4kTTCOh6aBiKaUGG7oYTSPP8MxqL4YI3kZKwcP4=
github.com/google/shlex v0.0.0-20191202100458-e7afc7fbc510/go.mod h1:pupxD2MaaD3pAXIBCelhxNneeOaAeabZDe5s4K6zSpQ=
github.com/pmezard/go-difflib v1.0.0 h1:4DBwDE0NGyQoBHbLQYPwSUPoCMWR5BEzIk/f1lZbAQM=
github.com/pmezard/go-difflib v1.0.0/go.mod h1:iKH77koFhYxTK1pcRnkKkqfTogsbg7gZNVY4sRDYZ/4=
github.com/stretchr/objx v0.5.2 h1:xuMeJ0Sdp5ZMRXx/aWO6RZxdr3beISkG5/G/aIRr3pY=
github.com/stretchr/objx v0.5.2/go.mod h1:FRsXN1f5AsAjCGJKqEizvkpNtU+EGNCLh3NxZ/8L+MA=
github.com/stretchr/testify v1.11.1 h1:7s2iGBzp5EwR7/aIZr8ao5+dra3wiQyKjjFuvgVKu7U=
github.com/stretchr/testify v1.11.1/go.mod h1:wZwfW3scLgRK+23gO65QZefKpKQRnfz6sD981Nm4B6U=
github.com/tdewolff/minify/v2 v2.24.8 h1:58/VjsbevI4d5FGV0ZSuBrHMSSkH4MCH0sIz/eKIauE=
github.com/tdewolff/minify/v2 v2.24.8/go.mod h1:0Ukj0CRpo/sW/nd8uZ4ccXaV1rEVIWA3dj8U7+Shhfw=
github.com/tdewolff/parse/v2 v2.8.5 h1:ZmBiA/8Do5Rpk7bDye0jbbDUpXXbCdc3iah4VeUvwYU=
github.com/tdewolff/parse/v2 v2.8.5/go.mod h1:Hwlni2tiVNKyzR1o6nUs4FOF07URA+JLBLd6dlIXYqo=
github.com/tdewolff/test v1.0.11 h1:FdLbwQVHxqG16SlkGveC0JVyrJN62COWTRyUFzfbtBE=
github.com/tdewolff/test v1.0.11/go.mod h1:XPuWBzvdUzhCuxWO1ojpXsyzsA5bFoS3tO/Q3kFuTG8=
github.com/tinywasm/assetmin v0.0.79 h1:1k6qiie36IdhpMkjLSSt3dWsyI0hnqBABboHV3E3ywM=
github.com/tinywasm/assetmin v0.0.79/go.mod h1:SWZNMq/LNLY3u2+s8dhAyiGjZ8+OxtgzRmSMpajnHOw=
github.com/tinywasm/binary v0.5.3 h1:deNGNbZHNxhfgjy6pwbg+z2B+LVnlE1l7dugRmmdJ94=
github.com/tinywasm/binary v0.5.3/go.mod h1:3BHp47sWLiSNfbAtdckytfQeKXztUq49uRZGJBVr6Yg=
github.com/tinywasm/client v0.0.76 h1:44TL4VMr5AvIDeSbRcidaLCCKFwlUN36Lj2qUewshv0=
github.com/tinywasm/client v0.0.76/go.mod h1:0B7t4guI5k4nY5oL80Hk8DSYqJl/dsPoVrNkh9d3pgs=
github.com/tinywasm/context v0.0.11 h1:k+IeEPihgORcwp+2n2qygBzfh61fMouFzOEhBwvVIrI=
github.com/tinywasm/context v0.0.11/go.mod h1:xEk6ZfbF3Jx8JnM4UqUJxfM0WM87q8JC3wOA99tccV8=
github.com/tinywasm/crudp v0.2.10 h1:maEApnguHNfhAg0SOoVu/IXnItM+7P6wvr+k/Kyewq8=
github.com/tinywasm/crudp v0.2.10/go.mod h1:1cVtXgiNc6HefhOMR2eAvmi6wJI+HVReAqpBs4h0ebY=
github.com/tinywasm/devflow v0.0.77 h1:wGXRBVsuNYNYeaUjmP0j8Wk0A2RyoJZtzWVVMx+h/uo=
github.com/tinywasm/devflow v0.0.77/go.mod h1:RHvS8e9aRWeu6Z7vJxSvUby7657yattOdMjGf874N2A=
github.com/tinywasm/dom v0.0.9 h1:XAYx260ykGYuH5+M6WQqq1avQCSa7kY7xs2HEi6VS8U=
github.com/tinywasm/dom v0.0.9/go.mod h1:PqfNyfr5+lDggNS69OXrVDDK8aR57trsIb6bZQ0Q+AM=
github.com/tinywasm/fetch v0.1.16 h1:JRI0rSN/DroLUEKLmmEQCk/by7FM7SBaxiWjLuL6cjU=
github.com/tinywasm/fetch v0.1.16/go.mod h1:NfaouuPITKVUjVrQfSwx+KqEoNANAveZbPVHupZFGWI=
github.com/tinywasm/fmt v0.16.2 h1:BunQnqQvca5K5o3cLjvNoQXmQMSHT1uhr2jWSgi8qEo=
github.com/tinywasm/fmt v0.16.2/go.mod h1:L2GCAi6asgytPV6TVvGrRq5Ml+DkUt1Ijo5i/2J1jOY=
github.com/tinywasm/gobuild v0.0.22 h1:Im/21j3dBibkyoOElZDqWS4fiI6QmPsBSS50CU76e+8=
github.com/tinywasm/gobuild v0.0.22/go.mod h1:48JVlXnOy8ZBiz/vz5rWMxv4ZrQvB5Fbw22kOx6RfZY=
github.com/tinywasm/wizard v0.0.14 h1:8ywDPi1HN0ybsb3marVcnbIXn0y/y7KhMpv0xiRd2ms=
github.com/tinywasm/wizard v0.0.14/go.mod h1:pUsgdR2vS/fNJDWhP9ZXlfUzCPClAyqJRSZlaUcEoMg=
github.com/zalando/go-keyring v0.2.6 h1:r7Yc3+H+Ux0+M72zacZoItR3UDxeWfKTcabvkI8ua9s=
github.com/zalando/go-keyring v0.2.6/go.mod h1:2TCrxYrbUNYfNS/Kgy/LSrkSQzZ5UPVH85RwfczwvcI=
golang.org/x/sys v0.40.0 h1:DBZZqJ2Rkml6QMQsZywtnjnnGvHza6BTfYFWY9kjEWQ=
golang.org/x/sys v0.40.0/go.mod h1:OgkHotnGiDImocRcuBABYBEXf8A9a87e/uXjp9XT3ks=
gopkg.in/yaml.v3 v3.0.1 h1:fxVm/GzAzEWqLHuvctI91KS9hhNmmWOoWu0XTYJS7CA=
gopkg.in/yaml.v3 v3.0.1/go.mod h1:K4uyk7z7BCEPqu6E+C64Yfv1cQ7kz7rIZviUmN+EgEM=
