github.com/tdewolff/minify/v2 v2.24.8 h1:58/VjsbevI4d5FGV0ZSuBrHMSSkH4MCH0sIz/eKIauE=
github.com/tdewolff/minify/v2 v2.24.8/go.mod h1:0Ukj0CRpo/sW/nd8uZ4ccXaV1rEVIWA3dj8U7+Shhfw=
github.com/tdewolff/parse/v2 v2.8.5 h1:ZmBiA/8Do5Rpk7bDye0jbbDUpXXbCdc3iah4VeUvwYU=
github.com/tdewolff/parse/v2 v2.8.5/go.mod h1:Hwlni2tiVNKyzR1o6nUs4FOF07URA+JLBLd6dlIXYqo=
github.com/tdewolff/test v1.0.11 h1:FdLbwQVHxqG16SlkGveC0JVyrJN62COWTRyUFzfbtBE=
github.com/tdewolff/test v1.0.11/go.mod h1:XPuWBzvdUzhCuxWO1ojpXsyzsA5bFoS3tO/Q3kFuTG8=
github.com/tinywasm/assetmin v0.0.79 h1:1k6qiie36IdhpMkjLSSt3dWsyI0hnqBABboHV3E3ywM=
github.com/tinywasm/assetmin v0.0.79/go.mod h1:SWZNMq/LNLY3u2+s8dhAyiGjZ8+OxtgzRmSMpajnHOw=
github.com/tinywasm/binary v0.5.3 h1:deNGNbZHNxhfgjy6pwbg+z2B+LVnlE1l7dugRmmdJ94=
github.com/tinywasm/binary v0.5.3/go.mod h1:3BHp47sWLiSNfbAtdckytfQeKXztUq49uRZGJBVr6Yg=
github.com/tinywasm/context v0.0.11 h1:k+IeEPihgORcwp+2n2qygBzfh61fMouFzOEhBwvVIrI=
github.com/tinywasm/context v0.0.11/go.mod h1:xEk6ZfbF3Jx8JnM4UqUJxfM0WM87q8JC3wOA99tccV8=
github.com/tinywasm/crudp v0.2.10 h1:maEApnguHNfhAg0SOoVu/IXnItM+7P6wvr+k/Kyewq8=
github.com/tinywasm/crudp v0.2.10/go.mod h1:1cVtXgiNc6HefhOMR2eAvmi6wJI+HVReAqpBs4h0ebY=
github.com/tinywasm/dom v0.0.9 h1:XAYx260ykGYuH5+M6WQqq1avQCSa7kY7xs2HEi6VS8U=
github.com/tinywasm/dom v0.0.9/go.mod h1:PqfNyfr5+lDggNS69OXrVDDK8aR57trsIb6bZQ0Q+AM=
github.com/tinywasm/fetch v0.1.16 h1:JRI0rSN/DroLUEKLmmEQCk/by7FM7SBaxiWjLuL6cjU=
github.com/tinywasm/fetch v0.1.16/go.mod h1:NfaouuPITKVUjVrQfSwx+KqEoNANAveZbPVHupZFGWI=
github.com/tinywasm/fmt v0.16.2 h1:BunQnqQvca5K5o3cLjvNoQXmQMSHT1uhr2jWSgi8qEo=
github.com/tinywasm/fmt v0.16.2/go.mod h1:L2GCAi6asgytPV6TVvGrRq5Ml+DkUt1Ijo5i/2J1jOY=
